<?xml version="1.0" encoding="utf-8"?>
<Project ToolsVersion="4.0" xmlns="http://schemas.microsoft.com/developer/msbuild/2003">
  <ItemGroup>
    <Filter Include="소스 파일">
      <UniqueIdentifier>{4FC737F1-C7A5-4376-A066-2A32D752A2FF}</UniqueIdentifier>
      <Extensions>cpp;c;cc;cxx;def;odl;idl;hpj;bat;asm;asmx</Extensions>
    </Filter>
    <Filter Include="헤더 파일">
      <UniqueIdentifier>{93995380-89BD-4b04-88EB-625FBE52EBFB}</UniqueIdentifier>
      <Extensions>h;hh;hpp;hxx;hm;inl;inc;ipp;xsd</Extensions>
    </Filter>
    <Filter Include="리소스 파일">
      <UniqueIdentifier>{67DA6AB6-F800-4c08-8B7A-83BB121AAD01}</UniqueIdentifier>
      <Extensions>rc;ico;cur;bmp;dlg;rc2;rct;bin;rgs;gif;jpg;jpeg;jpe;resx;tiff;tif;png;wav;mfcribbon-ms</Extensions>
    </Filter>
  </ItemGroup>
  <ItemGroup>
    <ClCompile Include="소스.cpp">
      <Filter>소스 파일</Filter>
    </ClCompile>
    <ClCompile Include="Unit.cpp">
      <Filter>소스 파일</Filter>
    </ClCompile>
    <ClCompile Include="TorpedoShell.cpp">
      <Filter>소스 파일</Filter>
    </ClCompile>
    <ClCompile Include="TorpedoBomber.cpp">
      <Filter>소스 파일</Filter>
    </ClCompile>
    <ClCompile Include="Submersible.cpp">
      <Filter>소스 파일</Filter>
    </ClCompile>
    <ClCompile Include="Submarine.cpp">
      <Filter>소스 파일</Filter>
    </ClCompile>
    <ClCompile Include="Ship.cpp">
      <Filter>소스 파일</Filter>
    </ClCompile>
    <ClCompile Include="Shell.cpp">
      <Filter>소스 파일</Filter>
    </ClCompile>
    <ClCompile Include="MachineGunShell.cpp">
      <Filter>소스 파일</Filter>
    </ClCompile>
    <ClCompile Include="LifeGauge.cpp">
      <Filter>소스 파일</Filter>
    </ClCompile>
    <ClCompile Include="Helicopter.cpp">
      <Filter>소스 파일</Filter>
    </ClCompile>
    <ClCompile Include="Frigate.cpp">
      <Filter>소스 파일</Filter>
    </ClCompile>
    <ClCompile Include="Destroyer.cpp">
      <Filter>소스 파일</Filter>
    </ClCompile>
    <ClCompile Include="DepthChargeShell.cpp">
      <Filter>소스 파일</Filter>
    </ClCompile>
    <ClCompile Include="Corvette.cpp">
      <Filter>소스 파일</Filter>
    </ClCompile>
    <ClCompile Include="BlackNavyWar.cpp">
      <Filter>소스 파일</Filter>
    </ClCompile>
    <ClCompile Include="Aircraft.cpp">
      <Filter>소스 파일</Filter>
    </ClCompile>
    <ClCompile Include="ShrapnelShell.cpp">
      <Filter>소스 파일</Filter>
    </ClCompile>
    <ClCompile Include="Cruiser.cpp">
      <Filter>소스 파일</Filter>
    </ClCompile>
    <ClCompile Include="MissileShell.cpp">
      <Filter>소스 파일</Filter>
    </ClCompile>
    <ClCompile Include="Button.cpp">
      <Filter>소스 파일</Filter>
    </ClCompile>
    <ClCompile Include="ResourceGauge.cpp">
      <Filter>소스 파일</Filter>
    </ClCompile>
    <ClCompile Include="Base.cpp">
      <Filter>소스 파일</Filter>
    </ClCompile>
  </ItemGroup>
  <ItemGroup>
    <ClInclude Include="Unit.h">
      <Filter>헤더 파일</Filter>
    </ClInclude>
    <ClInclude Include="TorpedoShell.h">
      <Filter>헤더 파일</Filter>
    </ClInclude>
    <ClInclude Include="TorpedoBomber.h">
      <Filter>헤더 파일</Filter>
    </ClInclude>
    <ClInclude Include="Submersible.h">
      <Filter>헤더 파일</Filter>
    </ClInclude>
    <ClInclude Include="Submarine.h">
      <Filter>헤더 파일</Filter>
    </ClInclude>
    <ClInclude Include="Ship.h">
      <Filter>헤더 파일</Filter>
    </ClInclude>
    <ClInclude Include="Shell.h">
      <Filter>헤더 파일</Filter>
    </ClInclude>
    <ClInclude Include="mecro.h">
      <Filter>헤더 파일</Filter>
    </ClInclude>
    <ClInclude Include="MachineGunShell.h">
      <Filter>헤더 파일</Filter>
    </ClInclude>
    <ClInclude Include="LifeGauge.h">
      <Filter>헤더 파일</Filter>
    </ClInclude>
    <ClInclude Include="Helicopter.h">
      <Filter>헤더 파일</Filter>
    </ClInclude>
    <ClInclude Include="Frigate.h">
      <Filter>헤더 파일</Filter>
    </ClInclude>
    <ClInclude Include="Destroyer.h">
      <Filter>헤더 파일</Filter>
    </ClInclude>
    <ClInclude Include="DepthChargeShell.h">
      <Filter>헤더 파일</Filter>
    </ClInclude>
    <ClInclude Include="Corvette.h">
      <Filter>헤더 파일</Filter>
    </ClInclude>
    <ClInclude Include="BlackNavyWar.h">
      <Filter>헤더 파일</Filter>
    </ClInclude>
    <ClInclude Include="Aircraft.h">
      <Filter>헤더 파일</Filter>
    </ClInclude>
    <ClInclude Include="ShrapnelShell.h">
      <Filter>헤더 파일</Filter>
    </ClInclude>
    <ClInclude Include="Cruiser.h">
      <Filter>헤더 파일</Filter>
    </ClInclude>
    <ClInclude Include="MissileShell.h">
      <Filter>헤더 파일</Filter>
    </ClInclude>
    <ClInclude Include="Button.h">
      <Filter>헤더 파일</Filter>
    </ClInclude>
    <ClInclude Include="ResourceGauge.h">
      <Filter>헤더 파일</Filter>
    </ClInclude>
    <ClInclude Include="Base.h">
      <Filter>헤더 파일</Filter>
    </ClInclude>
  </ItemGroup>
</Project>